// !$*UTF8*$!
{
	archiveVersion = 1;
	classes = {
	};
	objectVersion = 46;
	objects = {

/* Begin PBXBuildFile section */
		1E994D589148955DF9A3764A /* Pods_StevensTraderAppTests.framework in Frameworks */ = {isa = PBXBuildFile; fileRef = 18B3F419BDB055447052CA4A /* Pods_StevensTraderAppTests.framework */; };
		902EE4A6E080AD11EDB68FDA /* Pods_StevensTraderApp.framework in Frameworks */ = {isa = PBXBuildFile; fileRef = 124A6F5305DC26BB46BB53C4 /* Pods_StevensTraderApp.framework */; };
		CC0FFDED1E9EA0B000019635 /* UIImageExtension.swift in Sources */ = {isa = PBXBuildFile; fileRef = CC0FFDEC1E9EA0AF00019635 /* UIImageExtension.swift */; };
		CC0FFDEF1E9EEBCE00019635 /* ItemViewController.swift in Sources */ = {isa = PBXBuildFile; fileRef = CC0FFDEE1E9EEBCE00019635 /* ItemViewController.swift */; };
		CC186AF61EAD2E250005C560 /* SearchViewController.swift in Sources */ = {isa = PBXBuildFile; fileRef = CC186AF51EAD2E250005C560 /* SearchViewController.swift */; };
		CC186AF81EAE71940005C560 /* forgotPasswordViewController.swift in Sources */ = {isa = PBXBuildFile; fileRef = CC186AF71EAE71940005C560 /* forgotPasswordViewController.swift */; };
		CC35125C1E90C0910050B97E /* CustomTabBarViewController.swift in Sources */ = {isa = PBXBuildFile; fileRef = CC35125B1E90C0910050B97E /* CustomTabBarViewController.swift */; };
		CC4EB2D11E9237D8002AF07B /* BuyTableViewController.swift in Sources */ = {isa = PBXBuildFile; fileRef = CC4EB2D01E9237D8002AF07B /* BuyTableViewController.swift */; };
		CC4EB2EB1E98311B002AF07B /* product.swift in Sources */ = {isa = PBXBuildFile; fileRef = CC4EB2EA1E98311B002AF07B /* product.swift */; };
		CC5B352A1EB55B9900B47A82 /* User.swift in Sources */ = {isa = PBXBuildFile; fileRef = CC5B35291EB55B9900B47A82 /* User.swift */; };
		CC5B352C1EB681AE00B47A82 /* AccountViewController.swift in Sources */ = {isa = PBXBuildFile; fileRef = CC5B352B1EB681AE00B47A82 /* AccountViewController.swift */; };
		CC5B352E1EB6862A00B47A82 /* ChangePasswordViewController.swift in Sources */ = {isa = PBXBuildFile; fileRef = CC5B352D1EB6862A00B47A82 /* ChangePasswordViewController.swift */; };
		CC641CCA1E4E73E600CD6998 /* AppDelegate.swift in Sources */ = {isa = PBXBuildFile; fileRef = CC641CC91E4E73E600CD6998 /* AppDelegate.swift */; };
		CC641CCC1E4E73E600CD6998 /* LoginViewController.swift in Sources */ = {isa = PBXBuildFile; fileRef = CC641CCB1E4E73E600CD6998 /* LoginViewController.swift */; };
		CC641CCF1E4E73E600CD6998 /* Main.storyboard in Resources */ = {isa = PBXBuildFile; fileRef = CC641CCD1E4E73E600CD6998 /* Main.storyboard */; };
		CC641CD11E4E73E600CD6998 /* Assets.xcassets in Resources */ = {isa = PBXBuildFile; fileRef = CC641CD01E4E73E600CD6998 /* Assets.xcassets */; };
		CC641CD41E4E73E600CD6998 /* LaunchScreen.storyboard in Resources */ = {isa = PBXBuildFile; fileRef = CC641CD21E4E73E600CD6998 /* LaunchScreen.storyboard */; };
		CC641CDF1E4E73E600CD6998 /* StevensTraderAppTests.swift in Sources */ = {isa = PBXBuildFile; fileRef = CC641CDE1E4E73E600CD6998 /* StevensTraderAppTests.swift */; };
		CC641CEC1E4EDC9500CD6998 /* SignupViewController.swift in Sources */ = {isa = PBXBuildFile; fileRef = CC641CEB1E4EDC9500CD6998 /* SignupViewController.swift */; };
		CC8D21AB1EA0529C00EFBA4A /* myProductsTableViewController.swift in Sources */ = {isa = PBXBuildFile; fileRef = CC8D21AA1EA0529C00EFBA4A /* myProductsTableViewController.swift */; };
		CCB87FC31E7DB4E700EF6514 /* KeychainService.swift in Sources */ = {isa = PBXBuildFile; fileRef = CCB87FC21E7DB4E700EF6514 /* KeychainService.swift */; };
		CCB87FC71E7DD78500EF6514 /* Config.swift in Sources */ = {isa = PBXBuildFile; fileRef = CCB87FC61E7DD78500EF6514 /* Config.swift */; };
		CCE339F61E5E659600E3FFB7 /* SellViewController.swift in Sources */ = {isa = PBXBuildFile; fileRef = CCE339F51E5E659600E3FFB7 /* SellViewController.swift */; };
/* End PBXBuildFile section */

/* Begin PBXContainerItemProxy section */
		CC641CDB1E4E73E600CD6998 /* PBXContainerItemProxy */ = {
			isa = PBXContainerItemProxy;
			containerPortal = CC641CBE1E4E73E500CD6998 /* Project object */;
			proxyType = 1;
			remoteGlobalIDString = CC641CC51E4E73E600CD6998;
			remoteInfo = StevensTraderApp;
		};
/* End PBXContainerItemProxy section */

/* Begin PBXCopyFilesBuildPhase section */
		CC61884F1E52B45000C1E835 /* Embed Frameworks */ = {
			isa = PBXCopyFilesBuildPhase;
			buildActionMask = 2147483647;
			dstPath = "";
			dstSubfolderSpec = 10;
			files = (
			);
			name = "Embed Frameworks";
			runOnlyForDeploymentPostprocessing = 0;
		};
/* End PBXCopyFilesBuildPhase section */

/* Begin PBXFileReference section */
		124A6F5305DC26BB46BB53C4 /* Pods_StevensTraderApp.framework */ = {isa = PBXFileReference; explicitFileType = wrapper.framework; includeInIndex = 0; path = Pods_StevensTraderApp.framework; sourceTree = BUILT_PRODUCTS_DIR; };
		18B3F419BDB055447052CA4A /* Pods_StevensTraderAppTests.framework */ = {isa = PBXFileReference; explicitFileType = wrapper.framework; includeInIndex = 0; path = Pods_StevensTraderAppTests.framework; sourceTree = BUILT_PRODUCTS_DIR; };
		25773111695B81AE08DFE004 /* Pods-StevensTraderApp.debug.xcconfig */ = {isa = PBXFileReference; includeInIndex = 1; lastKnownFileType = text.xcconfig; name = "Pods-StevensTraderApp.debug.xcconfig"; path = "Pods/Target Support Files/Pods-StevensTraderApp/Pods-StevensTraderApp.debug.xcconfig"; sourceTree = "<group>"; };
		7186AE9CD43866997F1F976B /* Pods-StevensTraderAppTests.release.xcconfig */ = {isa = PBXFileReference; includeInIndex = 1; lastKnownFileType = text.xcconfig; name = "Pods-StevensTraderAppTests.release.xcconfig"; path = "Pods/Target Support Files/Pods-StevensTraderAppTests/Pods-StevensTraderAppTests.release.xcconfig"; sourceTree = "<group>"; };
		86F0507811D0B82D334EB63A /* Pods-StevensTraderApp.release.xcconfig */ = {isa = PBXFileReference; includeInIndex = 1; lastKnownFileType = text.xcconfig; name = "Pods-StevensTraderApp.release.xcconfig"; path = "Pods/Target Support Files/Pods-StevensTraderApp/Pods-StevensTraderApp.release.xcconfig"; sourceTree = "<group>"; };
		CC0FFDEC1E9EA0AF00019635 /* UIImageExtension.swift */ = {isa = PBXFileReference; fileEncoding = 4; lastKnownFileType = sourcecode.swift; path = UIImageExtension.swift; sourceTree = "<group>"; };
		CC0FFDEE1E9EEBCE00019635 /* ItemViewController.swift */ = {isa = PBXFileReference; fileEncoding = 4; lastKnownFileType = sourcecode.swift; path = ItemViewController.swift; sourceTree = "<group>"; };
		CC186AF51EAD2E250005C560 /* SearchViewController.swift */ = {isa = PBXFileReference; fileEncoding = 4; lastKnownFileType = sourcecode.swift; path = SearchViewController.swift; sourceTree = "<group>"; };
		CC186AF71EAE71940005C560 /* forgotPasswordViewController.swift */ = {isa = PBXFileReference; fileEncoding = 4; lastKnownFileType = sourcecode.swift; path = forgotPasswordViewController.swift; sourceTree = "<group>"; };
		CC35125B1E90C0910050B97E /* CustomTabBarViewController.swift */ = {isa = PBXFileReference; fileEncoding = 4; lastKnownFileType = sourcecode.swift; path = CustomTabBarViewController.swift; sourceTree = "<group>"; };
		CC4EB2D01E9237D8002AF07B /* BuyTableViewController.swift */ = {isa = PBXFileReference; fileEncoding = 4; lastKnownFileType = sourcecode.swift; path = BuyTableViewController.swift; sourceTree = "<group>"; };
		CC4EB2EA1E98311B002AF07B /* product.swift */ = {isa = PBXFileReference; fileEncoding = 4; lastKnownFileType = sourcecode.swift; path = product.swift; sourceTree = "<group>"; };
		CC5B35291EB55B9900B47A82 /* User.swift */ = {isa = PBXFileReference; fileEncoding = 4; lastKnownFileType = sourcecode.swift; path = User.swift; sourceTree = "<group>"; };
		CC5B352B1EB681AE00B47A82 /* AccountViewController.swift */ = {isa = PBXFileReference; fileEncoding = 4; lastKnownFileType = sourcecode.swift; path = AccountViewController.swift; sourceTree = "<group>"; };
		CC5B352D1EB6862A00B47A82 /* ChangePasswordViewController.swift */ = {isa = PBXFileReference; fileEncoding = 4; lastKnownFileType = sourcecode.swift; path = ChangePasswordViewController.swift; sourceTree = "<group>"; };
		CC641CC61E4E73E600CD6998 /* StevensTraderApp.app */ = {isa = PBXFileReference; explicitFileType = wrapper.application; includeInIndex = 0; path = StevensTraderApp.app; sourceTree = BUILT_PRODUCTS_DIR; };
		CC641CC91E4E73E600CD6998 /* AppDelegate.swift */ = {isa = PBXFileReference; lastKnownFileType = sourcecode.swift; path = AppDelegate.swift; sourceTree = "<group>"; };
		CC641CCB1E4E73E600CD6998 /* LoginViewController.swift */ = {isa = PBXFileReference; lastKnownFileType = sourcecode.swift; path = LoginViewController.swift; sourceTree = "<group>"; };
		CC641CCE1E4E73E600CD6998 /* Base */ = {isa = PBXFileReference; lastKnownFileType = file.storyboard; name = Base; path = Base.lproj/Main.storyboard; sourceTree = "<group>"; };
		CC641CD01E4E73E600CD6998 /* Assets.xcassets */ = {isa = PBXFileReference; lastKnownFileType = folder.assetcatalog; path = Assets.xcassets; sourceTree = "<group>"; };
		CC641CD31E4E73E600CD6998 /* Base */ = {isa = PBXFileReference; lastKnownFileType = file.storyboard; name = Base; path = Base.lproj/LaunchScreen.storyboard; sourceTree = "<group>"; };
		CC641CD51E4E73E600CD6998 /* Info.plist */ = {isa = PBXFileReference; lastKnownFileType = text.plist.xml; path = Info.plist; sourceTree = "<group>"; };
		CC641CDA1E4E73E600CD6998 /* StevensTraderAppTests.xctest */ = {isa = PBXFileReference; explicitFileType = wrapper.cfbundle; includeInIndex = 0; path = StevensTraderAppTests.xctest; sourceTree = BUILT_PRODUCTS_DIR; };
		CC641CDE1E4E73E600CD6998 /* StevensTraderAppTests.swift */ = {isa = PBXFileReference; lastKnownFileType = sourcecode.swift; path = StevensTraderAppTests.swift; sourceTree = "<group>"; };
		CC641CE01E4E73E600CD6998 /* Info.plist */ = {isa = PBXFileReference; lastKnownFileType = text.plist.xml; path = Info.plist; sourceTree = "<group>"; };
		CC641CEB1E4EDC9500CD6998 /* SignupViewController.swift */ = {isa = PBXFileReference; fileEncoding = 4; lastKnownFileType = sourcecode.swift; path = SignupViewController.swift; sourceTree = "<group>"; };
		CC8D21AA1EA0529C00EFBA4A /* myProductsTableViewController.swift */ = {isa = PBXFileReference; fileEncoding = 4; lastKnownFileType = sourcecode.swift; path = myProductsTableViewController.swift; sourceTree = "<group>"; };
		CCB87FC21E7DB4E700EF6514 /* KeychainService.swift */ = {isa = PBXFileReference; fileEncoding = 4; lastKnownFileType = sourcecode.swift; path = KeychainService.swift; sourceTree = "<group>"; };
		CCB87FC61E7DD78500EF6514 /* Config.swift */ = {isa = PBXFileReference; fileEncoding = 4; lastKnownFileType = sourcecode.swift; path = Config.swift; sourceTree = "<group>"; };
		CCE339F51E5E659600E3FFB7 /* SellViewController.swift */ = {isa = PBXFileReference; fileEncoding = 4; lastKnownFileType = sourcecode.swift; path = SellViewController.swift; sourceTree = "<group>"; };
		DC6A327DF3016C199F408383 /* Pods-StevensTraderAppTests.debug.xcconfig */ = {isa = PBXFileReference; includeInIndex = 1; lastKnownFileType = text.xcconfig; name = "Pods-StevensTraderAppTests.debug.xcconfig"; path = "Pods/Target Support Files/Pods-StevensTraderAppTests/Pods-StevensTraderAppTests.debug.xcconfig"; sourceTree = "<group>"; };
/* End PBXFileReference section */

/* Begin PBXFrameworksBuildPhase section */
		CC641CC31E4E73E600CD6998 /* Frameworks */ = {
			isa = PBXFrameworksBuildPhase;
			buildActionMask = 2147483647;
			files = (
				902EE4A6E080AD11EDB68FDA /* Pods_StevensTraderApp.framework in Frameworks */,
			);
			runOnlyForDeploymentPostprocessing = 0;
		};
		CC641CD71E4E73E600CD6998 /* Frameworks */ = {
			isa = PBXFrameworksBuildPhase;
			buildActionMask = 2147483647;
			files = (
				1E994D589148955DF9A3764A /* Pods_StevensTraderAppTests.framework in Frameworks */,
			);
			runOnlyForDeploymentPostprocessing = 0;
		};
/* End PBXFrameworksBuildPhase section */

/* Begin PBXGroup section */
		3AC3FD229C3AFD3128F96D01 /* Pods */ = {
			isa = PBXGroup;
			children = (
				25773111695B81AE08DFE004 /* Pods-StevensTraderApp.debug.xcconfig */,
				86F0507811D0B82D334EB63A /* Pods-StevensTraderApp.release.xcconfig */,
				DC6A327DF3016C199F408383 /* Pods-StevensTraderAppTests.debug.xcconfig */,
				7186AE9CD43866997F1F976B /* Pods-StevensTraderAppTests.release.xcconfig */,
			);
			name = Pods;
			sourceTree = "<group>";
		};
		6286EF962F64A9E262F05670 /* Frameworks */ = {
			isa = PBXGroup;
			children = (
				124A6F5305DC26BB46BB53C4 /* Pods_StevensTraderApp.framework */,
				18B3F419BDB055447052CA4A /* Pods_StevensTraderAppTests.framework */,
			);
			name = Frameworks;
			sourceTree = "<group>";
		};
		CC35125A1E90C02F0050B97E /* Custom */ = {
			isa = PBXGroup;
			children = (
				CC35125B1E90C0910050B97E /* CustomTabBarViewController.swift */,
			);
			name = Custom;
			sourceTree = "<group>";
		};
		CC4EB2E91E983084002AF07B /* models */ = {
			isa = PBXGroup;
			children = (
				CC4EB2EA1E98311B002AF07B /* product.swift */,
				CC5B35291EB55B9900B47A82 /* User.swift */,
			);
			name = models;
			sourceTree = "<group>";
		};
		CC641CBD1E4E73E500CD6998 = {
			isa = PBXGroup;
			children = (
				CC641CC81E4E73E600CD6998 /* StevensTraderApp */,
				CC641CDD1E4E73E600CD6998 /* StevensTraderAppTests */,
				CC641CC71E4E73E600CD6998 /* Products */,
				3AC3FD229C3AFD3128F96D01 /* Pods */,
				6286EF962F64A9E262F05670 /* Frameworks */,
			);
			sourceTree = "<group>";
		};
		CC641CC71E4E73E600CD6998 /* Products */ = {
			isa = PBXGroup;
			children = (
				CC641CC61E4E73E600CD6998 /* StevensTraderApp.app */,
				CC641CDA1E4E73E600CD6998 /* StevensTraderAppTests.xctest */,
			);
			name = Products;
			sourceTree = "<group>";
		};
		CC641CC81E4E73E600CD6998 /* StevensTraderApp */ = {
			isa = PBXGroup;
			children = (
				CC4EB2E91E983084002AF07B /* models */,
				CC35125A1E90C02F0050B97E /* Custom */,
				CCB87FC11E7DB4A300EF6514 /* Utilities */,
				CCB87FC01E7DB48F00EF6514 /* Controllers */,
				CC641CC91E4E73E600CD6998 /* AppDelegate.swift */,
				CC641CCD1E4E73E600CD6998 /* Main.storyboard */,
				CC641CD01E4E73E600CD6998 /* Assets.xcassets */,
				CC641CD21E4E73E600CD6998 /* LaunchScreen.storyboard */,
				CC641CD51E4E73E600CD6998 /* Info.plist */,
			);
			path = StevensTraderApp;
			sourceTree = "<group>";
		};
		CC641CDD1E4E73E600CD6998 /* StevensTraderAppTests */ = {
			isa = PBXGroup;
			children = (
				CC641CDE1E4E73E600CD6998 /* StevensTraderAppTests.swift */,
				CC641CE01E4E73E600CD6998 /* Info.plist */,
			);
			path = StevensTraderAppTests;
			sourceTree = "<group>";
		};
		CCB87FC01E7DB48F00EF6514 /* Controllers */ = {
			isa = PBXGroup;
			children = (
				CC641CEB1E4EDC9500CD6998 /* SignupViewController.swift */,
				CC641CCB1E4E73E600CD6998 /* LoginViewController.swift */,
				CCE339F51E5E659600E3FFB7 /* SellViewController.swift */,
				CC4EB2D01E9237D8002AF07B /* BuyTableViewController.swift */,
				CC0FFDEE1E9EEBCE00019635 /* ItemViewController.swift */,
				CC8D21AA1EA0529C00EFBA4A /* myProductsTableViewController.swift */,
				CC186AF51EAD2E250005C560 /* SearchViewController.swift */,
				CC186AF71EAE71940005C560 /* forgotPasswordViewController.swift */,
				CC5B352B1EB681AE00B47A82 /* AccountViewController.swift */,
				CC5B352D1EB6862A00B47A82 /* ChangePasswordViewController.swift */,
			);
			name = Controllers;
			sourceTree = "<group>";
		};
		CCB87FC11E7DB4A300EF6514 /* Utilities */ = {
			isa = PBXGroup;
			children = (
				CC0FFDEC1E9EA0AF00019635 /* UIImageExtension.swift */,
				CCB87FC21E7DB4E700EF6514 /* KeychainService.swift */,
				CCB87FC61E7DD78500EF6514 /* Config.swift */,
			);
			name = Utilities;
			sourceTree = "<group>";
		};
/* End PBXGroup section */

/* Begin PBXNativeTarget section */
		CC641CC51E4E73E600CD6998 /* StevensTraderApp */ = {
			isa = PBXNativeTarget;
			buildConfigurationList = CC641CE31E4E73E600CD6998 /* Build configuration list for PBXNativeTarget "StevensTraderApp" */;
			buildPhases = (
				9B9221D37D165B7C613CBF9A /* [CP] Check Pods Manifest.lock */,
				CC641CC21E4E73E600CD6998 /* Sources */,
				CC641CC31E4E73E600CD6998 /* Frameworks */,
				CC641CC41E4E73E600CD6998 /* Resources */,
				CC61884F1E52B45000C1E835 /* Embed Frameworks */,
				3EF5BD61D323BC72DA7C11E1 /* [CP] Embed Pods Frameworks */,
				FBF7694DF09C985741302973 /* [CP] Copy Pods Resources */,
			);
			buildRules = (
			);
			dependencies = (
			);
			name = StevensTraderApp;
			productName = StevensTraderApp;
			productReference = CC641CC61E4E73E600CD6998 /* StevensTraderApp.app */;
			productType = "com.apple.product-type.application";
		};
		CC641CD91E4E73E600CD6998 /* StevensTraderAppTests */ = {
			isa = PBXNativeTarget;
			buildConfigurationList = CC641CE61E4E73E600CD6998 /* Build configuration list for PBXNativeTarget "StevensTraderAppTests" */;
			buildPhases = (
				BAA8C1349B4FE8F5C01AC95E /* [CP] Check Pods Manifest.lock */,
				CC641CD61E4E73E600CD6998 /* Sources */,
				CC641CD71E4E73E600CD6998 /* Frameworks */,
				CC641CD81E4E73E600CD6998 /* Resources */,
				C528B0F8564219AB8B71A158 /* [CP] Embed Pods Frameworks */,
				E6717D6A37760BAA0C3B9B9E /* [CP] Copy Pods Resources */,
			);
			buildRules = (
			);
			dependencies = (
				CC641CDC1E4E73E600CD6998 /* PBXTargetDependency */,
			);
			name = StevensTraderAppTests;
			productName = StevensTraderAppTests;
			productReference = CC641CDA1E4E73E600CD6998 /* StevensTraderAppTests.xctest */;
			productType = "com.apple.product-type.bundle.unit-test";
		};
/* End PBXNativeTarget section */

/* Begin PBXProject section */
		CC641CBE1E4E73E500CD6998 /* Project object */ = {
			isa = PBXProject;
			attributes = {
				LastSwiftUpdateCheck = 0820;
				LastUpgradeCheck = 0820;
				ORGANIZATIONNAME = "Fawaz Alturbaq";
				TargetAttributes = {
					CC641CC51E4E73E600CD6998 = {
						CreatedOnToolsVersion = 8.2.1;
						DevelopmentTeam = GDQ7F4DRAZ;
						ProvisioningStyle = Automatic;
					};
					CC641CD91E4E73E600CD6998 = {
						CreatedOnToolsVersion = 8.2.1;
						DevelopmentTeam = GDQ7F4DRAZ;
						ProvisioningStyle = Automatic;
						TestTargetID = CC641CC51E4E73E600CD6998;
					};
				};
			};
			buildConfigurationList = CC641CC11E4E73E600CD6998 /* Build configuration list for PBXProject "StevensTraderApp" */;
			compatibilityVersion = "Xcode 3.2";
			developmentRegion = English;
			hasScannedForEncodings = 0;
			knownRegions = (
				en,
				Base,
			);
			mainGroup = CC641CBD1E4E73E500CD6998;
			productRefGroup = CC641CC71E4E73E600CD6998 /* Products */;
			projectDirPath = "";
			projectRoot = "";
			targets = (
				CC641CC51E4E73E600CD6998 /* StevensTraderApp */,
				CC641CD91E4E73E600CD6998 /* StevensTraderAppTests */,
			);
		};
/* End PBXProject section */

/* Begin PBXResourcesBuildPhase section */
		CC641CC41E4E73E600CD6998 /* Resources */ = {
			isa = PBXResourcesBuildPhase;
			buildActionMask = 2147483647;
			files = (
				CC641CD41E4E73E600CD6998 /* LaunchScreen.storyboard in Resources */,
				CC641CD11E4E73E600CD6998 /* Assets.xcassets in Resources */,
				CC641CCF1E4E73E600CD6998 /* Main.storyboard in Resources */,
			);
			runOnlyForDeploymentPostprocessing = 0;
		};
		CC641CD81E4E73E600CD6998 /* Resources */ = {
			isa = PBXResourcesBuildPhase;
			buildActionMask = 2147483647;
			files = (
			);
			runOnlyForDeploymentPostprocessing = 0;
		};
/* End PBXResourcesBuildPhase section */

/* Begin PBXShellScriptBuildPhase section */
		3EF5BD61D323BC72DA7C11E1 /* [CP] Embed Pods Frameworks */ = {
			isa = PBXShellScriptBuildPhase;
			buildActionMask = 2147483647;
			files = (
			);
			inputPaths = (
			);
			name = "[CP] Embed Pods Frameworks";
			outputPaths = (
			);
			runOnlyForDeploymentPostprocessing = 0;
			shellPath = /bin/sh;
			shellScript = "\"${SRCROOT}/Pods/Target Support Files/Pods-StevensTraderApp/Pods-StevensTraderApp-frameworks.sh\"\n";
			showEnvVarsInLog = 0;
		};
		9B9221D37D165B7C613CBF9A /* [CP] Check Pods Manifest.lock */ = {
			isa = PBXShellScriptBuildPhase;
			buildActionMask = 2147483647;
			files = (
			);
			inputPaths = (
			);
			name = "[CP] Check Pods Manifest.lock";
			outputPaths = (
			);
			runOnlyForDeploymentPostprocessing = 0;
			shellPath = /bin/sh;
			shellScript = "diff \"${PODS_ROOT}/../Podfile.lock\" \"${PODS_ROOT}/Manifest.lock\" > /dev/null\nif [ $? != 0 ] ; then\n    # print error to STDERR\n    echo \"error: The sandbox is not in sync with the Podfile.lock. Run 'pod install' or update your CocoaPods installation.\" >&2\n    exit 1\nfi\n";
			showEnvVarsInLog = 0;
		};
		BAA8C1349B4FE8F5C01AC95E /* [CP] Check Pods Manifest.lock */ = {
			isa = PBXShellScriptBuildPhase;
			buildActionMask = 2147483647;
			files = (
			);
			inputPaths = (
			);
			name = "[CP] Check Pods Manifest.lock";
			outputPaths = (
			);
			runOnlyForDeploymentPostprocessing = 0;
			shellPath = /bin/sh;
			shellScript = "diff \"${PODS_ROOT}/../Podfile.lock\" \"${PODS_ROOT}/Manifest.lock\" > /dev/null\nif [ $? != 0 ] ; then\n    # print error to STDERR\n    echo \"error: The sandbox is not in sync with the Podfile.lock. Run 'pod install' or update your CocoaPods installation.\" >&2\n    exit 1\nfi\n";
			showEnvVarsInLog = 0;
		};
		C528B0F8564219AB8B71A158 /* [CP] Embed Pods Frameworks */ = {
			isa = PBXShellScriptBuildPhase;
			buildActionMask = 2147483647;
			files = (
			);
			inputPaths = (
			);
			name = "[CP] Embed Pods Frameworks";
			outputPaths = (
			);
			runOnlyForDeploymentPostprocessing = 0;
			shellPath = /bin/sh;
			shellScript = "\"${SRCROOT}/Pods/Target Support Files/Pods-StevensTraderAppTests/Pods-StevensTraderAppTests-frameworks.sh\"\n";
			showEnvVarsInLog = 0;
		};
		E6717D6A37760BAA0C3B9B9E /* [CP] Copy Pods Resources */ = {
			isa = PBXShellScriptBuildPhase;
			buildActionMask = 2147483647;
			files = (
			);
			inputPaths = (
			);
			name = "[CP] Copy Pods Resources";
			outputPaths = (
			);
			runOnlyForDeploymentPostprocessing = 0;
			shellPath = /bin/sh;
			shellScript = "\"${SRCROOT}/Pods/Target Support Files/Pods-StevensTraderAppTests/Pods-StevensTraderAppTests-resources.sh\"\n";
			showEnvVarsInLog = 0;
		};
		FBF7694DF09C985741302973 /* [CP] Copy Pods Resources */ = {
			isa = PBXShellScriptBuildPhase;
			buildActionMask = 2147483647;
			files = (
			);
			inputPaths = (
			);
			name = "[CP] Copy Pods Resources";
			outputPaths = (
			);
			runOnlyForDeploymentPostprocessing = 0;
			shellPath = /bin/sh;
			shellScript = "\"${SRCROOT}/Pods/Target Support Files/Pods-StevensTraderApp/Pods-StevensTraderApp-resources.sh\"\n";
			showEnvVarsInLog = 0;
		};
/* End PBXShellScriptBuildPhase section */

/* Begin PBXSourcesBuildPhase section */
		CC641CC21E4E73E600CD6998 /* Sources */ = {
			isa = PBXSourcesBuildPhase;
			buildActionMask = 2147483647;
			files = (
				CC186AF81EAE71940005C560 /* forgotPasswordViewController.swift in Sources */,
				CC4EB2EB1E98311B002AF07B /* product.swift in Sources */,
				CC641CEC1E4EDC9500CD6998 /* SignupViewController.swift in Sources */,
				CC5B352E1EB6862A00B47A82 /* ChangePasswordViewController.swift in Sources */,
				CC641CCC1E4E73E600CD6998 /* LoginViewController.swift in Sources */,
				CC5B352A1EB55B9900B47A82 /* User.swift in Sources */,
				CC8D21AB1EA0529C00EFBA4A /* myProductsTableViewController.swift in Sources */,
				CC4EB2D11E9237D8002AF07B /* BuyTableViewController.swift in Sources */,
				CC0FFDED1E9EA0B000019635 /* UIImageExtension.swift in Sources */,
				CC5B352C1EB681AE00B47A82 /* AccountViewController.swift in Sources */,
				CC0FFDEF1E9EEBCE00019635 /* ItemViewController.swift in Sources */,
				CC35125C1E90C0910050B97E /* CustomTabBarViewController.swift in Sources */,
				CC186AF61EAD2E250005C560 /* SearchViewController.swift in Sources */,
				CCB87FC71E7DD78500EF6514 /* Config.swift in Sources */,
				CCE339F61E5E659600E3FFB7 /* SellViewController.swift in Sources */,
				CCB87FC31E7DB4E700EF6514 /* KeychainService.swift in Sources */,
				CC641CCA1E4E73E600CD6998 /* AppDelegate.swift in Sources */,
			);
			runOnlyForDeploymentPostprocessing = 0;
		};
		CC641CD61E4E73E600CD6998 /* Sources */ = {
			isa = PBXSourcesBuildPhase;
			buildActionMask = 2147483647;
			files = (
				CC641CDF1E4E73E600CD6998 /* StevensTraderAppTests.swift in Sources */,
			);
			runOnlyForDeploymentPostprocessing = 0;
		};
/* End PBXSourcesBuildPhase section */

/* Begin PBXTargetDependency section */
		CC641CDC1E4E73E600CD6998 /* PBXTargetDependency */ = {
			isa = PBXTargetDependency;
			target = CC641CC51E4E73E600CD6998 /* StevensTraderApp */;
			targetProxy = CC641CDB1E4E73E600CD6998 /* PBXContainerItemProxy */;
		};
/* End PBXTargetDependency section */

/* Begin PBXVariantGroup section */
		CC641CCD1E4E73E600CD6998 /* Main.storyboard */ = {
			isa = PBXVariantGroup;
			children = (
				CC641CCE1E4E73E600CD6998 /* Base */,
			);
			name = Main.storyboard;
			sourceTree = "<group>";
		};
		CC641CD21E4E73E600CD6998 /* LaunchScreen.storyboard */ = {
			isa = PBXVariantGroup;
			children = (
				CC641CD31E4E73E600CD6998 /* Base */,
			);
			name = LaunchScreen.storyboard;
			sourceTree = "<group>";
		};
/* End PBXVariantGroup section */

/* Begin XCBuildConfiguration section */
		CC641CE11E4E73E600CD6998 /* Debug */ = {
			isa = XCBuildConfiguration;
			buildSettings = {
				ALWAYS_SEARCH_USER_PATHS = NO;
				CLANG_ANALYZER_NONNULL = YES;
				CLANG_CXX_LANGUAGE_STANDARD = "gnu++0x";
				CLANG_CXX_LIBRARY = "libc++";
				CLANG_ENABLE_MODULES = YES;
				CLANG_ENABLE_OBJC_ARC = YES;
				CLANG_WARN_BOOL_CONVERSION = YES;
				CLANG_WARN_CONSTANT_CONVERSION = YES;
				CLANG_WARN_DIRECT_OBJC_ISA_USAGE = YES_ERROR;
				CLANG_WARN_DOCUMENTATION_COMMENTS = YES;
				CLANG_WARN_EMPTY_BODY = YES;
				CLANG_WARN_ENUM_CONVERSION = YES;
				CLANG_WARN_INFINITE_RECURSION = YES;
				CLANG_WARN_INT_CONVERSION = YES;
				CLANG_WARN_OBJC_ROOT_CLASS = YES_ERROR;
				CLANG_WARN_SUSPICIOUS_MOVE = YES;
				CLANG_WARN_UNREACHABLE_CODE = YES;
				CLANG_WARN__DUPLICATE_METHOD_MATCH = YES;
				"CODE_SIGN_IDENTITY[sdk=iphoneos*]" = "iPhone Developer";
				COPY_PHASE_STRIP = NO;
				DEBUG_INFORMATION_FORMAT = dwarf;
				ENABLE_STRICT_OBJC_MSGSEND = YES;
				ENABLE_TESTABILITY = YES;
				GCC_C_LANGUAGE_STANDARD = gnu99;
				GCC_DYNAMIC_NO_PIC = NO;
				GCC_NO_COMMON_BLOCKS = YES;
				GCC_OPTIMIZATION_LEVEL = 0;
				GCC_PREPROCESSOR_DEFINITIONS = (
					"DEBUG=1",
					"$(inherited)",
				);
				GCC_WARN_64_TO_32_BIT_CONVERSION = YES;
				GCC_WARN_ABOUT_RETURN_TYPE = YES_ERROR;
				GCC_WARN_UNDECLARED_SELECTOR = YES;
				GCC_WARN_UNINITIALIZED_AUTOS = YES_AGGRESSIVE;
				GCC_WARN_UNUSED_FUNCTION = YES;
				GCC_WARN_UNUSED_VARIABLE = YES;
				IPHONEOS_DEPLOYMENT_TARGET = 10.2;
				MTL_ENABLE_DEBUG_INFO = YES;
				ONLY_ACTIVE_ARCH = YES;
				SDKROOT = iphoneos;
				SWIFT_ACTIVE_COMPILATION_CONDITIONS = DEBUG;
				SWIFT_OPTIMIZATION_LEVEL = "-Onone";
				TARGETED_DEVICE_FAMILY = "1,2";
			};
			name = Debug;
		};
		CC641CE21E4E73E600CD6998 /* Release */ = {
			isa = XCBuildConfiguration;
			buildSettings = {
				ALWAYS_SEARCH_USER_PATHS = NO;
				CLANG_ANALYZER_NONNULL = YES;
				CLANG_CXX_LANGUAGE_STANDARD = "gnu++0x";
				CLANG_CXX_LIBRARY = "libc++";
				CLANG_ENABLE_MODULES = YES;
				CLANG_ENABLE_OBJC_ARC = YES;
				CLANG_WARN_BOOL_CONVERSION = YES;
				CLANG_WARN_CONSTANT_CONVERSION = YES;
				CLANG_WARN_DIRECT_OBJC_ISA_USAGE = YES_ERROR;
				CLANG_WARN_DOCUMENTATION_COMMENTS = YES;
				CLANG_WARN_EMPTY_BODY = YES;
				CLANG_WARN_ENUM_CONVERSION = YES;
				CLANG_WARN_INFINITE_RECURSION = YES;
				CLANG_WARN_INT_CONVERSION = YES;
				CLANG_WARN_OBJC_ROOT_CLASS = YES_ERROR;
				CLANG_WARN_SUSPICIOUS_MOVE = YES;
				CLANG_WARN_UNREACHABLE_CODE = YES;
				CLANG_WARN__DUPLICATE_METHOD_MATCH = YES;
				"CODE_SIGN_IDENTITY[sdk=iphoneos*]" = "iPhone Developer";
				COPY_PHASE_STRIP = NO;
				DEBUG_INFORMATION_FORMAT = "dwarf-with-dsym";
				ENABLE_NS_ASSERTIONS = NO;
				ENABLE_STRICT_OBJC_MSGSEND = YES;
				GCC_C_LANGUAGE_STANDARD = gnu99;
				GCC_NO_COMMON_BLOCKS = YES;
				GCC_WARN_64_TO_32_BIT_CONVERSION = YES;
				GCC_WARN_ABOUT_RETURN_TYPE = YES_ERROR;
				GCC_WARN_UNDECLARED_SELECTOR = YES;
				GCC_WARN_UNINITIALIZED_AUTOS = YES_AGGRESSIVE;
				GCC_WARN_UNUSED_FUNCTION = YES;
				GCC_WARN_UNUSED_VARIABLE = YES;
				IPHONEOS_DEPLOYMENT_TARGET = 10.2;
				MTL_ENABLE_DEBUG_INFO = NO;
				SDKROOT = iphoneos;
				SWIFT_OPTIMIZATION_LEVEL = "-Owholemodule";
				TARGETED_DEVICE_FAMILY = "1,2";
				VALIDATE_PRODUCT = YES;
			};
			name = Release;
		};
		CC641CE41E4E73E600CD6998 /* Debug */ = {
			isa = XCBuildConfiguration;
			baseConfigurationReference = 25773111695B81AE08DFE004 /* Pods-StevensTraderApp.debug.xcconfig */;
			buildSettings = {
				ALWAYS_EMBED_SWIFT_STANDARD_LIBRARIES = YES;
				ASSETCATALOG_COMPILER_APPICON_NAME = AppIcon;
				ASSETCATALOG_COMPILER_LAUNCHIMAGE_NAME = LaunchImage;
				DEVELOPMENT_TEAM = GDQ7F4DRAZ;
				INFOPLIST_FILE = StevensTraderApp/Info.plist;
				LD_RUNPATH_SEARCH_PATHS = "$(inherited) @executable_path/Frameworks";
				PRODUCT_BUNDLE_IDENTIFIER = edu.stevens.fawaz.StevensTraderApp;
				PRODUCT_NAME = "$(TARGET_NAME)";
				SWIFT_VERSION = 3.0;
				TARGETED_DEVICE_FAMILY = 1;
			};
			name = Debug;
		};
		CC641CE51E4E73E600CD6998 /* Release */ = {
			isa = XCBuildConfiguration;
			baseConfigurationReference = 86F0507811D0B82D334EB63A /* Pods-StevensTraderApp.release.xcconfig */;
			buildSettings = {
				ALWAYS_EMBED_SWIFT_STANDARD_LIBRARIES = YES;
				ASSETCATALOG_COMPILER_APPICON_NAME = AppIcon;
				ASSETCATALOG_COMPILER_LAUNCHIMAGE_NAME = LaunchImage;
				DEVELOPMENT_TEAM = GDQ7F4DRAZ;
				INFOPLIST_FILE = StevensTraderApp/Info.plist;
				LD_RUNPATH_SEARCH_PATHS = "$(inherited) @executable_path/Frameworks";
				PRODUCT_BUNDLE_IDENTIFIER = edu.stevens.fawaz.StevensTraderApp;
				PRODUCT_NAME = "$(TARGET_NAME)";
				SWIFT_VERSION = 3.0;
				TARGETED_DEVICE_FAMILY = 1;
			};
			name = Release;
		};
		CC641CE71E4E73E600CD6998 /* Debug */ = {
			isa = XCBuildConfiguration;
			baseConfigurationReference = DC6A327DF3016C199F408383 /* Pods-StevensTraderAppTests.debug.xcconfig */;
			buildSettings = {
				ALWAYS_EMBED_SWIFT_STANDARD_LIBRARIES = YES;
				BUNDLE_LOADER = "$(TEST_HOST)";
				DEVELOPMENT_TEAM = GDQ7F4DRAZ;
				INFOPLIST_FILE = StevensTraderAppTests/Info.plist;
				LD_RUNPATH_SEARCH_PATHS = "$(inherited) @executable_path/Frameworks @loader_path/Frameworks";
				PRODUCT_BUNDLE_IDENTIFIER = edu.stevens.fawaz.StevensTraderAppTests;
				PRODUCT_NAME = "$(TARGET_NAME)";
				SWIFT_VERSION = 3.0;
				TEST_HOST = "$(BUILT_PRODUCTS_DIR)/StevensTraderApp.app/StevensTraderApp";
			};
			name = Debug;
		};
		CC641CE81E4E73E600CD6998 /* Release */ = {
			isa = XCBuildConfiguration;
			baseConfigurationReference = 7186AE9CD43866997F1F976B /* Pods-StevensTraderAppTests.release.xcconfig */;
			buildSettings = {
				ALWAYS_EMBED_SWIFT_STANDARD_LIBRARIES = YES;
				BUNDLE_LOADER = "$(TEST_HOST)";
				DEVELOPMENT_TEAM = GDQ7F4DRAZ;
				INFOPLIST_FILE = StevensTraderAppTests/Info.plist;
				LD_RUNPATH_SEARCH_PATHS = "$(inherited) @executable_path/Frameworks @loader_path/Frameworks";
				PRODUCT_BUNDLE_IDENTIFIER = edu.stevens.fawaz.StevensTraderAppTests;
				PRODUCT_NAME = "$(TARGET_NAME)";
				SWIFT_VERSION = 3.0;
				TEST_HOST = "$(BUILT_PRODUCTS_DIR)/StevensTraderApp.app/StevensTraderApp";
			};
			name = Release;
		};
/* End XCBuildConfiguration section */

/* Begin XCConfigurationList section */
		CC641CC11E4E73E600CD6998 /* Build configuration list for PBXProject "StevensTraderApp" */ = {
			isa = XCConfigurationList;
			buildConfigurations = (
				CC641CE11E4E73E600CD6998 /* Debug */,
				CC641CE21E4E73E600CD6998 /* Release */,
			);
			defaultConfigurationIsVisible = 0;
			defaultConfigurationName = Release;
		};
		CC641CE31E4E73E600CD6998 /* Build configuration list for PBXNativeTarget "StevensTraderApp" */ = {
			isa = XCConfigurationList;
			buildConfigurations = (
				CC641CE41E4E73E600CD6998 /* Debug */,
				CC641CE51E4E73E600CD6998 /* Release */,
			);
			defaultConfigurationIsVisible = 0;
			defaultConfigurationName = Release;
		};
		CC641CE61E4E73E600CD6998 /* Build configuration list for PBXNativeTarget "StevensTraderAppTests" */ = {
			isa = XCConfigurationList;
			buildConfigurations = (
				CC641CE71E4E73E600CD6998 /* Debug */,
				CC641CE81E4E73E600CD6998 /* Release */,
			);
			defaultConfigurationIsVisible = 0;
			defaultConfigurationName = Release;
		};
/* End XCConfigurationList section */
	};
	rootObject = CC641CBE1E4E73E500CD6998 /* Project object */;
}
